
Microsoft Visual Studio Solution File, Format Version 12.00
# Visual Studio Version 17
VisualStudioVersion = 17.11.35303.130
MinimumVisualStudioVersion = 10.0.40219.1
Project("{FAE04EC0-301F-11D3-BF4B-00C04F79EFBC}") = "LB3_Blog", "LB3_Blog\LB3_Blog.csproj", "{96F25E33-A6E0-4CFA-BA05-730CE4A90B98}"
EndProject
Global
	GlobalSection(SolutionConfigurationPlatforms) = preSolution
		Debug|Any CPU = Debug|Any CPU
		Release|Any CPU = Release|Any CPU
	EndGlobalSection
	GlobalSection(ProjectConfigurationPlatforms) = postSolution
		{96F25E33-A6E0-4CFA-BA05-730CE4A90B98}.Debug|Any CPU.ActiveCfg = Debug|Any CPU
		{96F25E33-A6E0-4CFA-BA05-730CE4A90B98}.Debug|Any CPU.Build.0 = Debug|Any CPU
		{96F25E33-A6E0-4CFA-BA05-730CE4A90B98}.Release|Any CPU.ActiveCfg = Release|Any CPU
		{96F25E33-A6E0-4CFA-BA05-730CE4A90B98}.Release|Any CPU.Build.0 = Release|Any CPU
	EndGlobalSection
	GlobalSection(SolutionProperties) = preSolution
		HideSolutionNode = FALSE
	EndGlobalSection
	GlobalSection(ExtensibilityGlobals) = postSolution
		SolutionGuid = {74F0D43B-7BFB-4AD0-819D-1AF4410CDD65}
	EndGlobalSection
EndGlobal
